
Microsoft Visual Studio Solution File, Format Version 12.00
# Visual Studio Version 17
VisualStudioVersion = 17.11.35312.102
MinimumVisualStudioVersion = 10.0.40219.1
Project("{FAE04EC0-301F-11D3-BF4B-00C04F79EFBC}") = "Magazyn", "Magazyn\Magazyn.csproj", "{5B77B7C7-B12A-4F99-83AD-F9B52A2D4FBC}"
EndProject
Global
	GlobalSection(SolutionConfigurationPlatforms) = preSolution
		Debug|Any CPU = Debug|Any CPU
		Release|Any CPU = Release|Any CPU
	EndGlobalSection
	GlobalSection(ProjectConfigurationPlatforms) = postSolution
		{5B77B7C7-B12A-4F99-83AD-F9B52A2D4FBC}.Debug|Any CPU.ActiveCfg = Debug|Any CPU
		{5B77B7C7-B12A-4F99-83AD-F9B52A2D4FBC}.Debug|Any CPU.Build.0 = Debug|Any CPU
		{5B77B7C7-B12A-4F99-83AD-F9B52A2D4FBC}.Release|Any CPU.ActiveCfg = Release|Any CPU
		{5B77B7C7-B12A-4F99-83AD-F9B52A2D4FBC}.Release|Any CPU.Build.0 = Release|Any CPU
	EndGlobalSection
	GlobalSection(SolutionProperties) = preSolution
		HideSolutionNode = FALSE
	EndGlobalSection
	GlobalSection(ExtensibilityGlobals) = postSolution
		SolutionGuid = {CCE8F755-658A-4885-8FFE-78F373CF87AE}
	EndGlobalSection
EndGlobal
